// !$*UTF8*$!
{
	archiveVersion = 1;
	classes = {
	};
	objectVersion = 56;
	objects = {

/* Begin PBXBuildFile section */
		1A3A9E662CC0378900C56610 /* AppDelegate.swift in Sources */ = {isa = PBXBuildFile; fileRef = 1A3A9E652CC0378900C56610 /* AppDelegate.swift */; };
		1A3A9E682CC0378900C56610 /* SceneDelegate.swift in Sources */ = {isa = PBXBuildFile; fileRef = 1A3A9E672CC0378900C56610 /* SceneDelegate.swift */; };
		1A3A9E6F2CC0378C00C56610 /* Assets.xcassets in Resources */ = {isa = PBXBuildFile; fileRef = 1A3A9E6E2CC0378C00C56610 /* Assets.xcassets */; };
		1A3A9E722CC0378C00C56610 /* Base in Resources */ = {isa = PBXBuildFile; fileRef = 1A3A9E712CC0378C00C56610 /* Base */; };
		1A3A9E802CC037D400C56610 /* Coordinator.swift in Sources */ = {isa = PBXBuildFile; fileRef = 1A3A9E7F2CC037D400C56610 /* Coordinator.swift */; };
		1A3A9E832CC037E800C56610 /* MainCoordinator.swift in Sources */ = {isa = PBXBuildFile; fileRef = 1A3A9E822CC037E800C56610 /* MainCoordinator.swift */; };
		1A3A9E862CC03A5100C56610 /* MainView.swift in Sources */ = {isa = PBXBuildFile; fileRef = 1A3A9E852CC03A5100C56610 /* MainView.swift */; };
		1A3A9E882CC03ACA00C56610 /* Resources.swift in Sources */ = {isa = PBXBuildFile; fileRef = 1A3A9E872CC03ACA00C56610 /* Resources.swift */; };
		1A3A9E8B2CC03C2000C56610 /* SnapKit in Frameworks */ = {isa = PBXBuildFile; productRef = 1A3A9E8A2CC03C2000C56610 /* SnapKit */; };
		1A3A9E8D2CC03CFD00C56610 /* MainViewController.swift in Sources */ = {isa = PBXBuildFile; fileRef = 1A3A9E8C2CC03CFD00C56610 /* MainViewController.swift */; };
		1A3A9E922CC03EBF00C56610 /* LeaderboardViewController.swift in Sources */ = {isa = PBXBuildFile; fileRef = 1A3A9E912CC03EBF00C56610 /* LeaderboardViewController.swift */; };
		1A3A9E942CC03EED00C56610 /* LeaderboardView.swift in Sources */ = {isa = PBXBuildFile; fileRef = 1A3A9E932CC03EED00C56610 /* LeaderboardView.swift */; };
		1A3A9E972CC03FDD00C56610 /* Orbitron.ttf in Resources */ = {isa = PBXBuildFile; fileRef = 1A3A9E962CC03FDD00C56610 /* Orbitron.ttf */; };
		1A90C46E2CC047400066E76D /* LeaderboardVC + CollectionView.swift in Sources */ = {isa = PBXBuildFile; fileRef = 1A90C46D2CC047400066E76D /* LeaderboardVC + CollectionView.swift */; };
		1A90C4702CC0474B0066E76D /* LeaderCollectionViewCell.swift in Sources */ = {isa = PBXBuildFile; fileRef = 1A90C46F2CC0474B0066E76D /* LeaderCollectionViewCell.swift */; };
		1A90C4722CC049D10066E76D /* LeadersViewModel.swift in Sources */ = {isa = PBXBuildFile; fileRef = 1A90C4712CC049D10066E76D /* LeadersViewModel.swift */; };
		1A90C4752CC049EB0066E76D /* Leader.swift in Sources */ = {isa = PBXBuildFile; fileRef = 1A90C4742CC049EB0066E76D /* Leader.swift */; };
		1A90C4772CC04A1D0066E76D /* LeaderFetcher.swift in Sources */ = {isa = PBXBuildFile; fileRef = 1A90C4762CC04A1D0066E76D /* LeaderFetcher.swift */; };
		1A90C4792CC04B8D0066E76D /* ScoresManager.swift in Sources */ = {isa = PBXBuildFile; fileRef = 1A90C4782CC04B8D0066E76D /* ScoresManager.swift */; };
		1A90C47B2CC04DEE0066E76D /* LeadersVC + Action.swift in Sources */ = {isa = PBXBuildFile; fileRef = 1A90C47A2CC04DEE0066E76D /* LeadersVC + Action.swift */; };
		1A90C47D2CC04E910066E76D /* MainVC + Action.swift in Sources */ = {isa = PBXBuildFile; fileRef = 1A90C47C2CC04E910066E76D /* MainVC + Action.swift */; };
		1A90C47F2CC04F340066E76D /* MainViewModel.swift in Sources */ = {isa = PBXBuildFile; fileRef = 1A90C47E2CC04F340066E76D /* MainViewModel.swift */; };
		1A90C4812CC04F970066E76D /* UserScoresView.swift in Sources */ = {isa = PBXBuildFile; fileRef = 1A90C4802CC04F970066E76D /* UserScoresView.swift */; };
		1A90C4852CC052100066E76D /* SettingsViewController.swift in Sources */ = {isa = PBXBuildFile; fileRef = 1A90C4842CC052100066E76D /* SettingsViewController.swift */; };
		1A90C4872CC052180066E76D /* SettingsView.swift in Sources */ = {isa = PBXBuildFile; fileRef = 1A90C4862CC052180066E76D /* SettingsView.swift */; };
		1A90C48B2CC05D560066E76D /* SettingsVC + Action.swift in Sources */ = {isa = PBXBuildFile; fileRef = 1A90C48A2CC05D560066E76D /* SettingsVC + Action.swift */; };
		1A90C48D2CC063990066E76D /* ClearProgressAgreeView.swift in Sources */ = {isa = PBXBuildFile; fileRef = 1A90C48C2CC063990066E76D /* ClearProgressAgreeView.swift */; };
/* End PBXBuildFile section */

/* Begin PBXFileReference section */
		1A3A9E622CC0378900C56610 /* GravityDropProject.app */ = {isa = PBXFileReference; explicitFileType = wrapper.application; includeInIndex = 0; path = GravityDropProject.app; sourceTree = BUILT_PRODUCTS_DIR; };
		1A3A9E652CC0378900C56610 /* AppDelegate.swift */ = {isa = PBXFileReference; lastKnownFileType = sourcecode.swift; path = AppDelegate.swift; sourceTree = "<group>"; };
		1A3A9E672CC0378900C56610 /* SceneDelegate.swift */ = {isa = PBXFileReference; lastKnownFileType = sourcecode.swift; path = SceneDelegate.swift; sourceTree = "<group>"; };
		1A3A9E6E2CC0378C00C56610 /* Assets.xcassets */ = {isa = PBXFileReference; lastKnownFileType = folder.assetcatalog; path = Assets.xcassets; sourceTree = "<group>"; };
		1A3A9E712CC0378C00C56610 /* Base */ = {isa = PBXFileReference; lastKnownFileType = file.storyboard; name = Base; path = Base.lproj/LaunchScreen.storyboard; sourceTree = "<group>"; };
		1A3A9E732CC0378C00C56610 /* Info.plist */ = {isa = PBXFileReference; lastKnownFileType = text.plist.xml; path = Info.plist; sourceTree = "<group>"; };
		1A3A9E7F2CC037D400C56610 /* Coordinator.swift */ = {isa = PBXFileReference; lastKnownFileType = sourcecode.swift; path = Coordinator.swift; sourceTree = "<group>"; };
		1A3A9E822CC037E800C56610 /* MainCoordinator.swift */ = {isa = PBXFileReference; lastKnownFileType = sourcecode.swift; path = MainCoordinator.swift; sourceTree = "<group>"; };
		1A3A9E852CC03A5100C56610 /* MainView.swift */ = {isa = PBXFileReference; lastKnownFileType = sourcecode.swift; path = MainView.swift; sourceTree = "<group>"; };
		1A3A9E872CC03ACA00C56610 /* Resources.swift */ = {isa = PBXFileReference; lastKnownFileType = sourcecode.swift; path = Resources.swift; sourceTree = "<group>"; };
		1A3A9E8C2CC03CFD00C56610 /* MainViewController.swift */ = {isa = PBXFileReference; lastKnownFileType = sourcecode.swift; path = MainViewController.swift; sourceTree = "<group>"; };
		1A3A9E912CC03EBF00C56610 /* LeaderboardViewController.swift */ = {isa = PBXFileReference; lastKnownFileType = sourcecode.swift; path = LeaderboardViewController.swift; sourceTree = "<group>"; };
		1A3A9E932CC03EED00C56610 /* LeaderboardView.swift */ = {isa = PBXFileReference; lastKnownFileType = sourcecode.swift; path = LeaderboardView.swift; sourceTree = "<group>"; };
		1A3A9E962CC03FDD00C56610 /* Orbitron.ttf */ = {isa = PBXFileReference; lastKnownFileType = file; path = Orbitron.ttf; sourceTree = "<group>"; };
		1A90C46D2CC047400066E76D /* LeaderboardVC + CollectionView.swift */ = {isa = PBXFileReference; lastKnownFileType = sourcecode.swift; path = "LeaderboardVC + CollectionView.swift"; sourceTree = "<group>"; };
		1A90C46F2CC0474B0066E76D /* LeaderCollectionViewCell.swift */ = {isa = PBXFileReference; lastKnownFileType = sourcecode.swift; path = LeaderCollectionViewCell.swift; sourceTree = "<group>"; };
		1A90C4712CC049D10066E76D /* LeadersViewModel.swift */ = {isa = PBXFileReference; lastKnownFileType = sourcecode.swift; path = LeadersViewModel.swift; sourceTree = "<group>"; };
		1A90C4742CC049EB0066E76D /* Leader.swift */ = {isa = PBXFileReference; lastKnownFileType = sourcecode.swift; path = Leader.swift; sourceTree = "<group>"; };
		1A90C4762CC04A1D0066E76D /* LeaderFetcher.swift */ = {isa = PBXFileReference; lastKnownFileType = sourcecode.swift; path = LeaderFetcher.swift; sourceTree = "<group>"; };
		1A90C4782CC04B8D0066E76D /* ScoresManager.swift */ = {isa = PBXFileReference; lastKnownFileType = sourcecode.swift; path = ScoresManager.swift; sourceTree = "<group>"; };
		1A90C47A2CC04DEE0066E76D /* LeadersVC + Action.swift */ = {isa = PBXFileReference; lastKnownFileType = sourcecode.swift; path = "LeadersVC + Action.swift"; sourceTree = "<group>"; };
		1A90C47C2CC04E910066E76D /* MainVC + Action.swift */ = {isa = PBXFileReference; lastKnownFileType = sourcecode.swift; path = "MainVC + Action.swift"; sourceTree = "<group>"; };
		1A90C47E2CC04F340066E76D /* MainViewModel.swift */ = {isa = PBXFileReference; lastKnownFileType = sourcecode.swift; path = MainViewModel.swift; sourceTree = "<group>"; };
		1A90C4802CC04F970066E76D /* UserScoresView.swift */ = {isa = PBXFileReference; lastKnownFileType = sourcecode.swift; path = UserScoresView.swift; sourceTree = "<group>"; };
		1A90C4842CC052100066E76D /* SettingsViewController.swift */ = {isa = PBXFileReference; lastKnownFileType = sourcecode.swift; path = SettingsViewController.swift; sourceTree = "<group>"; };
		1A90C4862CC052180066E76D /* SettingsView.swift */ = {isa = PBXFileReference; lastKnownFileType = sourcecode.swift; path = SettingsView.swift; sourceTree = "<group>"; };
		1A90C48A2CC05D560066E76D /* SettingsVC + Action.swift */ = {isa = PBXFileReference; lastKnownFileType = sourcecode.swift; path = "SettingsVC + Action.swift"; sourceTree = "<group>"; };
		1A90C48C2CC063990066E76D /* ClearProgressAgreeView.swift */ = {isa = PBXFileReference; lastKnownFileType = sourcecode.swift; path = ClearProgressAgreeView.swift; sourceTree = "<group>"; };
/* End PBXFileReference section */

/* Begin PBXFrameworksBuildPhase section */
		1A3A9E5F2CC0378900C56610 /* Frameworks */ = {
			isa = PBXFrameworksBuildPhase;
			buildActionMask = 2147483647;
			files = (
				1A3A9E8B2CC03C2000C56610 /* SnapKit in Frameworks */,
			);
			runOnlyForDeploymentPostprocessing = 0;
		};
/* End PBXFrameworksBuildPhase section */

/* Begin PBXGroup section */
		1A3A9E592CC0378900C56610 = {
			isa = PBXGroup;
			children = (
				1A3A9E642CC0378900C56610 /* GravityDropProject */,
				1A3A9E632CC0378900C56610 /* Products */,
			);
			sourceTree = "<group>";
		};
		1A3A9E632CC0378900C56610 /* Products */ = {
			isa = PBXGroup;
			children = (
				1A3A9E622CC0378900C56610 /* GravityDropProject.app */,
			);
			name = Products;
			sourceTree = "<group>";
		};
		1A3A9E642CC0378900C56610 /* GravityDropProject */ = {
			isa = PBXGroup;
			children = (
				1A3A9E962CC03FDD00C56610 /* Orbitron.ttf */,
				1A3A9E792CC0379200C56610 /* Coodinator */,
				1A3A9E7A2CC0379F00C56610 /* Model */,
				1A3A9E7B2CC037A400C56610 /* View */,
				1A3A9E7C2CC037A800C56610 /* ViewModel */,
				1A3A9E6E2CC0378C00C56610 /* Assets.xcassets */,
			);
			path = GravityDropProject;
			sourceTree = "<group>";
		};
		1A3A9E792CC0379200C56610 /* Coodinator */ = {
			isa = PBXGroup;
			children = (
				1A3A9E812CC037D900C56610 /* MainCoordinator */,
				1A3A9E7F2CC037D400C56610 /* Coordinator.swift */,
			);
			path = Coodinator;
			sourceTree = "<group>";
		};
		1A3A9E7A2CC0379F00C56610 /* Model */ = {
			isa = PBXGroup;
			children = (
				1A90C4732CC049E30066E76D /* Models */,
				1A3A9E7E2CC037C400C56610 /* Resources */,
				1A3A9E7D2CC037BE00C56610 /* Support */,
				1A90C4762CC04A1D0066E76D /* LeaderFetcher.swift */,
				1A90C4782CC04B8D0066E76D /* ScoresManager.swift */,
			);
			path = Model;
			sourceTree = "<group>";
		};
		1A3A9E7B2CC037A400C56610 /* View */ = {
			isa = PBXGroup;
			children = (
				1A90C4832CC052020066E76D /* Settings */,
				1A90C4822CC051D10066E76D /* Leaderboard */,
				1A3A9E842CC03A4900C56610 /* Main */,
				1A90C4802CC04F970066E76D /* UserScoresView.swift */,
			);
			path = View;
			sourceTree = "<group>";
		};
		1A3A9E7C2CC037A800C56610 /* ViewModel */ = {
			isa = PBXGroup;
			children = (
				1A90C4712CC049D10066E76D /* LeadersViewModel.swift */,
				1A90C47E2CC04F340066E76D /* MainViewModel.swift */,
			);
			path = ViewModel;
			sourceTree = "<group>";
		};
		1A3A9E7D2CC037BE00C56610 /* Support */ = {
			isa = PBXGroup;
			children = (
				1A3A9E732CC0378C00C56610 /* Info.plist */,
				1A3A9E652CC0378900C56610 /* AppDelegate.swift */,
				1A3A9E672CC0378900C56610 /* SceneDelegate.swift */,
			);
			path = Support;
			sourceTree = "<group>";
		};
		1A3A9E7E2CC037C400C56610 /* Resources */ = {
			isa = PBXGroup;
			children = (
				1A3A9E702CC0378C00C56610 /* LaunchScreen.storyboard */,
				1A3A9E872CC03ACA00C56610 /* Resources.swift */,
			);
			path = Resources;
			sourceTree = "<group>";
		};
		1A3A9E812CC037D900C56610 /* MainCoordinator */ = {
			isa = PBXGroup;
			children = (
				1A3A9E822CC037E800C56610 /* MainCoordinator.swift */,
			);
			path = MainCoordinator;
			sourceTree = "<group>";
		};
		1A3A9E842CC03A4900C56610 /* Main */ = {
			isa = PBXGroup;
			children = (
				1A3A9E852CC03A5100C56610 /* MainView.swift */,
				1A3A9E8C2CC03CFD00C56610 /* MainViewController.swift */,
				1A90C47C2CC04E910066E76D /* MainVC + Action.swift */,
			);
			path = Main;
			sourceTree = "<group>";
		};
		1A90C4732CC049E30066E76D /* Models */ = {
			isa = PBXGroup;
			children = (
				1A90C4742CC049EB0066E76D /* Leader.swift */,
			);
			path = Models;
			sourceTree = "<group>";
		};
		1A90C4822CC051D10066E76D /* Leaderboard */ = {
			isa = PBXGroup;
			children = (
				1A3A9E912CC03EBF00C56610 /* LeaderboardViewController.swift */,
				1A3A9E932CC03EED00C56610 /* LeaderboardView.swift */,
				1A90C46D2CC047400066E76D /* LeaderboardVC + CollectionView.swift */,
				1A90C46F2CC0474B0066E76D /* LeaderCollectionViewCell.swift */,
				1A90C47A2CC04DEE0066E76D /* LeadersVC + Action.swift */,
			);
			path = Leaderboard;
			sourceTree = "<group>";
		};
		1A90C4832CC052020066E76D /* Settings */ = {
			isa = PBXGroup;
			children = (
				1A90C4842CC052100066E76D /* SettingsViewController.swift */,
				1A90C4862CC052180066E76D /* SettingsView.swift */,
				1A90C48A2CC05D560066E76D /* SettingsVC + Action.swift */,
				1A90C48C2CC063990066E76D /* ClearProgressAgreeView.swift */,
			);
			path = Settings;
			sourceTree = "<group>";
		};
/* End PBXGroup section */

/* Begin PBXNativeTarget section */
		1A3A9E612CC0378900C56610 /* GravityDropProject */ = {
			isa = PBXNativeTarget;
			buildConfigurationList = 1A3A9E762CC0378C00C56610 /* Build configuration list for PBXNativeTarget "GravityDropProject" */;
			buildPhases = (
				1A3A9E5E2CC0378900C56610 /* Sources */,
				1A3A9E5F2CC0378900C56610 /* Frameworks */,
				1A3A9E602CC0378900C56610 /* Resources */,
			);
			buildRules = (
			);
			dependencies = (
			);
			name = GravityDropProject;
			packageProductDependencies = (
				1A3A9E8A2CC03C2000C56610 /* SnapKit */,
			);
			productName = GravityDropProject;
			productReference = 1A3A9E622CC0378900C56610 /* GravityDropProject.app */;
			productType = "com.apple.product-type.application";
		};
/* End PBXNativeTarget section */

/* Begin PBXProject section */
		1A3A9E5A2CC0378900C56610 /* Project object */ = {
			isa = PBXProject;
			attributes = {
				BuildIndependentTargetsInParallel = 1;
				LastSwiftUpdateCheck = 1540;
				LastUpgradeCheck = 1540;
				TargetAttributes = {
					1A3A9E612CC0378900C56610 = {
						CreatedOnToolsVersion = 15.4;
					};
				};
			};
			buildConfigurationList = 1A3A9E5D2CC0378900C56610 /* Build configuration list for PBXProject "GravityDropProject" */;
			compatibilityVersion = "Xcode 14.0";
			developmentRegion = en;
			hasScannedForEncodings = 0;
			knownRegions = (
				en,
				Base,
			);
			mainGroup = 1A3A9E592CC0378900C56610;
			packageReferences = (
				1A3A9E892CC03C2000C56610 /* XCRemoteSwiftPackageReference "SnapKit" */,
			);
			productRefGroup = 1A3A9E632CC0378900C56610 /* Products */;
			projectDirPath = "";
			projectRoot = "";
			targets = (
				1A3A9E612CC0378900C56610 /* GravityDropProject */,
			);
		};
/* End PBXProject section */

/* Begin PBXResourcesBuildPhase section */
		1A3A9E602CC0378900C56610 /* Resources */ = {
			isa = PBXResourcesBuildPhase;
			buildActionMask = 2147483647;
			files = (
				1A3A9E6F2CC0378C00C56610 /* Assets.xcassets in Resources */,
				1A3A9E972CC03FDD00C56610 /* Orbitron.ttf in Resources */,
				1A3A9E722CC0378C00C56610 /* Base in Resources */,
			);
			runOnlyForDeploymentPostprocessing = 0;
		};
/* End PBXResourcesBuildPhase section */

/* Begin PBXSourcesBuildPhase section */
		1A3A9E5E2CC0378900C56610 /* Sources */ = {
			isa = PBXSourcesBuildPhase;
			buildActionMask = 2147483647;
			files = (
				1A90C4872CC052180066E76D /* SettingsView.swift in Sources */,
				1A3A9E8D2CC03CFD00C56610 /* MainViewController.swift in Sources */,
				1A90C4792CC04B8D0066E76D /* ScoresManager.swift in Sources */,
				1A3A9E802CC037D400C56610 /* Coordinator.swift in Sources */,
				1A90C4852CC052100066E76D /* SettingsViewController.swift in Sources */,
				1A3A9E862CC03A5100C56610 /* MainView.swift in Sources */,
				1A3A9E882CC03ACA00C56610 /* Resources.swift in Sources */,
				1A90C47B2CC04DEE0066E76D /* LeadersVC + Action.swift in Sources */,
				1A90C4772CC04A1D0066E76D /* LeaderFetcher.swift in Sources */,
				1A3A9E942CC03EED00C56610 /* LeaderboardView.swift in Sources */,
				1A90C48D2CC063990066E76D /* ClearProgressAgreeView.swift in Sources */,
				1A3A9E662CC0378900C56610 /* AppDelegate.swift in Sources */,
				1A3A9E832CC037E800C56610 /* MainCoordinator.swift in Sources */,
				1A90C46E2CC047400066E76D /* LeaderboardVC + CollectionView.swift in Sources */,
				1A90C4702CC0474B0066E76D /* LeaderCollectionViewCell.swift in Sources */,
				1A90C47D2CC04E910066E76D /* MainVC + Action.swift in Sources */,
				1A90C4752CC049EB0066E76D /* Leader.swift in Sources */,
				1A90C4722CC049D10066E76D /* LeadersViewModel.swift in Sources */,
				1A3A9E922CC03EBF00C56610 /* LeaderboardViewController.swift in Sources */,
				1A3A9E682CC0378900C56610 /* SceneDelegate.swift in Sources */,
				1A90C4812CC04F970066E76D /* UserScoresView.swift in Sources */,
				1A90C47F2CC04F340066E76D /* MainViewModel.swift in Sources */,
				1A90C48B2CC05D560066E76D /* SettingsVC + Action.swift in Sources */,
			);
			runOnlyForDeploymentPostprocessing = 0;
		};
/* End PBXSourcesBuildPhase section */

/* Begin PBXVariantGroup section */
		1A3A9E702CC0378C00C56610 /* LaunchScreen.storyboard */ = {
			isa = PBXVariantGroup;
			children = (
				1A3A9E712CC0378C00C56610 /* Base */,
			);
			name = LaunchScreen.storyboard;
			sourceTree = "<group>";
		};
/* End PBXVariantGroup section */

/* Begin XCBuildConfiguration section */
		1A3A9E742CC0378C00C56610 /* Debug */ = {
			isa = XCBuildConfiguration;
			buildSettings = {
				ALWAYS_SEARCH_USER_PATHS = NO;
				ASSETCATALOG_COMPILER_GENERATE_SWIFT_ASSET_SYMBOL_EXTENSIONS = YES;
				CLANG_ANALYZER_NONNULL = YES;
				CLANG_ANALYZER_NUMBER_OBJECT_CONVERSION = YES_AGGRESSIVE;
				CLANG_CXX_LANGUAGE_STANDARD = "gnu++20";
				CLANG_ENABLE_MODULES = YES;
				CLANG_ENABLE_OBJC_ARC = YES;
				CLANG_ENABLE_OBJC_WEAK = YES;
				CLANG_WARN_BLOCK_CAPTURE_AUTORELEASING = YES;
				CLANG_WARN_BOOL_CONVERSION = YES;
				CLANG_WARN_COMMA = YES;
				CLANG_WARN_CONSTANT_CONVERSION = YES;
				CLANG_WARN_DEPRECATED_OBJC_IMPLEMENTATIONS = YES;
				CLANG_WARN_DIRECT_OBJC_ISA_USAGE = YES_ERROR;
				CLANG_WARN_DOCUMENTATION_COMMENTS = YES;
				CLANG_WARN_EMPTY_BODY = YES;
				CLANG_WARN_ENUM_CONVERSION = YES;
				CLANG_WARN_INFINITE_RECURSION = YES;
				CLANG_WARN_INT_CONVERSION = YES;
				CLANG_WARN_NON_LITERAL_NULL_CONVERSION = YES;
				CLANG_WARN_OBJC_IMPLICIT_RETAIN_SELF = YES;
				CLANG_WARN_OBJC_LITERAL_CONVERSION = YES;
				CLANG_WARN_OBJC_ROOT_CLASS = YES_ERROR;
				CLANG_WARN_QUOTED_INCLUDE_IN_FRAMEWORK_HEADER = YES;
				CLANG_WARN_RANGE_LOOP_ANALYSIS = YES;
				CLANG_WARN_STRICT_PROTOTYPES = YES;
				CLANG_WARN_SUSPICIOUS_MOVE = YES;
				CLANG_WARN_UNGUARDED_AVAILABILITY = YES_AGGRESSIVE;
				CLANG_WARN_UNREACHABLE_CODE = YES;
				CLANG_WARN__DUPLICATE_METHOD_MATCH = YES;
				COPY_PHASE_STRIP = NO;
				DEBUG_INFORMATION_FORMAT = dwarf;
				ENABLE_STRICT_OBJC_MSGSEND = YES;
				ENABLE_TESTABILITY = YES;
				ENABLE_USER_SCRIPT_SANDBOXING = YES;
				GCC_C_LANGUAGE_STANDARD = gnu17;
				GCC_DYNAMIC_NO_PIC = NO;
				GCC_NO_COMMON_BLOCKS = YES;
				GCC_OPTIMIZATION_LEVEL = 0;
				GCC_PREPROCESSOR_DEFINITIONS = (
					"DEBUG=1",
					"$(inherited)",
				);
				GCC_WARN_64_TO_32_BIT_CONVERSION = YES;
				GCC_WARN_ABOUT_RETURN_TYPE = YES_ERROR;
				GCC_WARN_UNDECLARED_SELECTOR = YES;
				GCC_WARN_UNINITIALIZED_AUTOS = YES_AGGRESSIVE;
				GCC_WARN_UNUSED_FUNCTION = YES;
				GCC_WARN_UNUSED_VARIABLE = YES;
				IPHONEOS_DEPLOYMENT_TARGET = 17.5;
				LOCALIZATION_PREFERS_STRING_CATALOGS = YES;
				MTL_ENABLE_DEBUG_INFO = INCLUDE_SOURCE;
				MTL_FAST_MATH = YES;
				ONLY_ACTIVE_ARCH = YES;
				SDKROOT = iphoneos;
				SWIFT_ACTIVE_COMPILATION_CONDITIONS = "DEBUG $(inherited)";
				SWIFT_OPTIMIZATION_LEVEL = "-Onone";
			};
			name = Debug;
		};
		1A3A9E752CC0378C00C56610 /* Release */ = {
			isa = XCBuildConfiguration;
			buildSettings = {
				ALWAYS_SEARCH_USER_PATHS = NO;
				ASSETCATALOG_COMPILER_GENERATE_SWIFT_ASSET_SYMBOL_EXTENSIONS = YES;
				CLANG_ANALYZER_NONNULL = YES;
				CLANG_ANALYZER_NUMBER_OBJECT_CONVERSION = YES_AGGRESSIVE;
				CLANG_CXX_LANGUAGE_STANDARD = "gnu++20";
				CLANG_ENABLE_MODULES = YES;
				CLANG_ENABLE_OBJC_ARC = YES;
				CLANG_ENABLE_OBJC_WEAK = YES;
				CLANG_WARN_BLOCK_CAPTURE_AUTORELEASING = YES;
				CLANG_WARN_BOOL_CONVERSION = YES;
				CLANG_WARN_COMMA = YES;
				CLANG_WARN_CONSTANT_CONVERSION = YES;
				CLANG_WARN_DEPRECATED_OBJC_IMPLEMENTATIONS = YES;
				CLANG_WARN_DIRECT_OBJC_ISA_USAGE = YES_ERROR;
				CLANG_WARN_DOCUMENTATION_COMMENTS = YES;
				CLANG_WARN_EMPTY_BODY = YES;
				CLANG_WARN_ENUM_CONVERSION = YES;
				CLANG_WARN_INFINITE_RECURSION = YES;
				CLANG_WARN_INT_CONVERSION = YES;
				CLANG_WARN_NON_LITERAL_NULL_CONVERSION = YES;
				CLANG_WARN_OBJC_IMPLICIT_RETAIN_SELF = YES;
				CLANG_WARN_OBJC_LITERAL_CONVERSION = YES;
				CLANG_WARN_OBJC_ROOT_CLASS = YES_ERROR;
				CLANG_WARN_QUOTED_INCLUDE_IN_FRAMEWORK_HEADER = YES;
				CLANG_WARN_RANGE_LOOP_ANALYSIS = YES;
				CLANG_WARN_STRICT_PROTOTYPES = YES;
				CLANG_WARN_SUSPICIOUS_MOVE = YES;
				CLANG_WARN_UNGUARDED_AVAILABILITY = YES_AGGRESSIVE;
				CLANG_WARN_UNREACHABLE_CODE = YES;
				CLANG_WARN__DUPLICATE_METHOD_MATCH = YES;
				COPY_PHASE_STRIP = NO;
				DEBUG_INFORMATION_FORMAT = "dwarf-with-dsym";
				ENABLE_NS_ASSERTIONS = NO;
				ENABLE_STRICT_OBJC_MSGSEND = YES;
				ENABLE_USER_SCRIPT_SANDBOXING = YES;
				GCC_C_LANGUAGE_STANDARD = gnu17;
				GCC_NO_COMMON_BLOCKS = YES;
				GCC_WARN_64_TO_32_BIT_CONVERSION = YES;
				GCC_WARN_ABOUT_RETURN_TYPE = YES_ERROR;
				GCC_WARN_UNDECLARED_SELECTOR = YES;
				GCC_WARN_UNINITIALIZED_AUTOS = YES_AGGRESSIVE;
				GCC_WARN_UNUSED_FUNCTION = YES;
				GCC_WARN_UNUSED_VARIABLE = YES;
				IPHONEOS_DEPLOYMENT_TARGET = 17.5;
				LOCALIZATION_PREFERS_STRING_CATALOGS = YES;
				MTL_ENABLE_DEBUG_INFO = NO;
				MTL_FAST_MATH = YES;
				SDKROOT = iphoneos;
				SWIFT_COMPILATION_MODE = wholemodule;
				VALIDATE_PRODUCT = YES;
			};
			name = Release;
		};
		1A3A9E772CC0378C00C56610 /* Debug */ = {
			isa = XCBuildConfiguration;
			buildSettings = {
				ASSETCATALOG_COMPILER_APPICON_NAME = AppIcon;
				ASSETCATALOG_COMPILER_GLOBAL_ACCENT_COLOR_NAME = AccentColor;
				CODE_SIGN_STYLE = Automatic;
				CURRENT_PROJECT_VERSION = 1;
				GENERATE_INFOPLIST_FILE = YES;
				INFOPLIST_FILE = GravityDropProject/Model/Support/Info.plist;
				INFOPLIST_KEY_UIApplicationSupportsIndirectInputEvents = YES;
				INFOPLIST_KEY_UILaunchStoryboardName = LaunchScreen;
				INFOPLIST_KEY_UISupportedInterfaceOrientations_iPad = "UIInterfaceOrientationPortrait UIInterfaceOrientationPortraitUpsideDown UIInterfaceOrientationLandscapeLeft UIInterfaceOrientationLandscapeRight";
				INFOPLIST_KEY_UISupportedInterfaceOrientations_iPhone = "UIInterfaceOrientationPortrait UIInterfaceOrientationLandscapeLeft UIInterfaceOrientationLandscapeRight";
				IPHONEOS_DEPLOYMENT_TARGET = 15.0;
				LD_RUNPATH_SEARCH_PATHS = (
					"$(inherited)",
					"@executable_path/Frameworks",
				);
				MARKETING_VERSION = 1.0;
				PRODUCT_BUNDLE_IDENTIFIER = com.proj.GravityDropProject;
				PRODUCT_NAME = "$(TARGET_NAME)";
				SWIFT_EMIT_LOC_STRINGS = YES;
				SWIFT_VERSION = 5.0;
				TARGETED_DEVICE_FAMILY = "1,2";
			};
			name = Debug;
		};
		1A3A9E782CC0378C00C56610 /* Release */ = {
			isa = XCBuildConfiguration;
			buildSettings = {
				ASSETCATALOG_COMPILER_APPICON_NAME = AppIcon;
				ASSETCATALOG_COMPILER_GLOBAL_ACCENT_COLOR_NAME = AccentColor;
				CODE_SIGN_STYLE = Automatic;
				CURRENT_PROJECT_VERSION = 1;
				GENERATE_INFOPLIST_FILE = YES;
				INFOPLIST_FILE = GravityDropProject/Model/Support/Info.plist;
				INFOPLIST_KEY_UIApplicationSupportsIndirectInputEvents = YES;
				INFOPLIST_KEY_UILaunchStoryboardName = LaunchScreen;
				INFOPLIST_KEY_UISupportedInterfaceOrientations_iPad = "UIInterfaceOrientationPortrait UIInterfaceOrientationPortraitUpsideDown UIInterfaceOrientationLandscapeLeft UIInterfaceOrientationLandscapeRight";
				INFOPLIST_KEY_UISupportedInterfaceOrientations_iPhone = "UIInterfaceOrientationPortrait UIInterfaceOrientationLandscapeLeft UIInterfaceOrientationLandscapeRight";
				IPHONEOS_DEPLOYMENT_TARGET = 15.0;
				LD_RUNPATH_SEARCH_PATHS = (
					"$(inherited)",
					"@executable_path/Frameworks",
				);
				MARKETING_VERSION = 1.0;
				PRODUCT_BUNDLE_IDENTIFIER = com.proj.GravityDropProject;
				PRODUCT_NAME = "$(TARGET_NAME)";
				SWIFT_EMIT_LOC_STRINGS = YES;
				SWIFT_VERSION = 5.0;
				TARGETED_DEVICE_FAMILY = "1,2";
			};
			name = Release;
		};
/* End XCBuildConfiguration section */

/* Begin XCConfigurationList section */
		1A3A9E5D2CC0378900C56610 /* Build configuration list for PBXProject "GravityDropProject" */ = {
			isa = XCConfigurationList;
			buildConfigurations = (
				1A3A9E742CC0378C00C56610 /* Debug */,
				1A3A9E752CC0378C00C56610 /* Release */,
			);
			defaultConfigurationIsVisible = 0;
			defaultConfigurationName = Release;
		};
		1A3A9E762CC0378C00C56610 /* Build configuration list for PBXNativeTarget "GravityDropProject" */ = {
			isa = XCConfigurationList;
			buildConfigurations = (
				1A3A9E772CC0378C00C56610 /* Debug */,
				1A3A9E782CC0378C00C56610 /* Release */,
			);
			defaultConfigurationIsVisible = 0;
			defaultConfigurationName = Release;
		};
/* End XCConfigurationList section */

/* Begin XCRemoteSwiftPackageReference section */
		1A3A9E892CC03C2000C56610 /* XCRemoteSwiftPackageReference "SnapKit" */ = {
			isa = XCRemoteSwiftPackageReference;
			repositoryURL = "https://github.com/SnapKit/SnapKit";
			requirement = {
				kind = upToNextMajorVersion;
				minimumVersion = 5.7.1;
			};
		};
/* End XCRemoteSwiftPackageReference section */

/* Begin XCSwiftPackageProductDependency section */
		1A3A9E8A2CC03C2000C56610 /* SnapKit */ = {
			isa = XCSwiftPackageProductDependency;
			package = 1A3A9E892CC03C2000C56610 /* XCRemoteSwiftPackageReference "SnapKit" */;
			productName = SnapKit;
		};
/* End XCSwiftPackageProductDependency section */
	};
	rootObject = 1A3A9E5A2CC0378900C56610 /* Project object */;
}
